
Microsoft Visual Studio Solution File, Format Version 12.00
# Visual Studio Version 16
VisualStudioVersion = 16.0.28729.10
MinimumVisualStudioVersion = 10.0.40219.1
Project("{FAE04EC0-301F-11D3-BF4B-00C04F79EFBC}") = "templateFinder", "templateFinder\templateFinder.csproj", "{2907AE91-44A5-4D42-8CA0-8E63CD283BC7}"
EndProject
Global
	GlobalSection(SolutionConfigurationPlatforms) = preSolution
		Debug|Any CPU = Debug|Any CPU
		Release|Any CPU = Release|Any CPU
	EndGlobalSection
	GlobalSection(ProjectConfigurationPlatforms) = postSolution
		{2907AE91-44A5-4D42-8CA0-8E63CD283BC7}.Debug|Any CPU.ActiveCfg = Debug|Any CPU
		{2907AE91-44A5-4D42-8CA0-8E63CD283BC7}.Debug|Any CPU.Build.0 = Debug|Any CPU
		{2907AE91-44A5-4D42-8CA0-8E63CD283BC7}.Release|Any CPU.ActiveCfg = Release|Any CPU
		{2907AE91-44A5-4D42-8CA0-8E63CD283BC7}.Release|Any CPU.Build.0 = Release|Any CPU
	EndGlobalSection
	GlobalSection(SolutionProperties) = preSolution
		HideSolutionNode = FALSE
	EndGlobalSection
	GlobalSection(ExtensibilityGlobals) = postSolution
		SolutionGuid = {FE366446-3898-4057-BF9B-DDF539573A2D}
	EndGlobalSection
EndGlobal
